
Microsoft Visual Studio Solution File, Format Version 11.00
# Visual C# Express 2010
Project("{FAE04EC0-301F-11D3-BF4B-00C04F79EFBC}") = "BillingApplication", "BillingApplication.csproj", "{34CFBE4D-7A92-4641-B57D-088434097C02}"
EndProject
Global
	GlobalSection(SolutionConfigurationPlatforms) = preSolution
		Debug|Any CPU = Debug|Any CPU
		Release|Any CPU = Release|Any CPU
	EndGlobalSection
	GlobalSection(ProjectConfigurationPlatforms) = postSolution
		{34CFBE4D-7A92-4641-B57D-088434097C02}.Debug|Any CPU.ActiveCfg = Debug|Any CPU
		{34CFBE4D-7A92-4641-B57D-088434097C02}.Debug|Any CPU.Build.0 = Debug|Any CPU
		{34CFBE4D-7A92-4641-B57D-088434097C02}.Release|Any CPU.ActiveCfg = Release|Any CPU
		{34CFBE4D-7A92-4641-B57D-088434097C02}.Release|Any CPU.Build.0 = Release|Any CPU
	EndGlobalSection
	GlobalSection(SolutionProperties) = preSolution
		HideSolutionNode = FALSE
	EndGlobalSection
EndGlobal
